{
  "originHash" : "88573ad52e271862b2c661026801f3cbc914994bc6d11cbdd818faa5892ddc1b",
  "pins" : [
    {
      "identity" : "keychain-swift",
      "kind" : "remoteSourceControl",
      "location" : "https://github.com/evgenyneu/keychain-swift",
      "state" : {
        "revision" : "5e1b02b6a9dac2a759a1d5dbc175c86bd192a608",
        "version" : "24.0.0"
      }
    },
    {
      "identity" : "macos-mac-address",
      "kind" : "remoteSourceControl",
      "location" : "https://github.com/ivanmoskalev/macos-mac-address",
      "state" : {
        "revision" : "c228e5f38000929b88db9344920ba5151f9aa2a6",
        "version" : "1.2.0"
      }
    },
    {
      "identity" : "privatekits",
      "kind" : "remoteSourceControl",
      "location" : "https://github.com/NSAntoine/PrivateKits.git",
      "state" : {
        "branch" : "haxi-test",
        "revision" : "986bee4eb7423ef0be49f4768b9fb3902ffa6750"
      }
    },
    {
      "identity" : "pythonkit",
      "kind" : "remoteSourceControl",
      "location" : "https://github.com/pvieito/PythonKit",
      "state" : {
        "branch" : "master",
        "revision" : "11509ad0cdc1becdb11b325a8fdff606793c06a3"
      }
    }
  ],
  "version" : 3
}
