// !$*UTF8*$!
{
	archiveVersion = 1;
	classes = {
	};
	objectVersion = 56;
	objects = {

/* Begin PBXBuildFile section */
		C81626182C87F74300604D27 /* PythonKit in Frameworks */ = {isa = PBXBuildFile; productRef = C81626172C87F74300604D27 /* PythonKit */; };
		C816261E2C882A5400604D27 /* IPALinkScraper.swift in Sources */ = {isa = PBXBuildFile; fileRef = C816261D2C882A5400604D27 /* IPALinkScraper.swift */; };
		C81626252C88AA2F00604D27 /* assetsgrabber.m in Sources */ = {isa = PBXBuildFile; fileRef = C81626242C88AA2F00604D27 /* assetsgrabber.m */; };
		C82478462C8CB70300DB520E /* icons in Resources */ = {isa = PBXBuildFile; fileRef = C82478452C8CB70300DB520E /* icons */; };
		C87BA0872C8971C40026E717 /* libpartial.dylib in Frameworks */ = {isa = PBXBuildFile; fileRef = C87BA0862C8971C40026E717 /* libpartial.dylib */; };
		C87BA0892C8972780026E717 /* libpartial.dylib in CopyFiles */ = {isa = PBXBuildFile; fileRef = C87BA0862C8971C40026E717 /* libpartial.dylib */; settings = {ATTRIBUTES = (CodeSignOnCopy, ); }; };
		C87BA08C2C897B770026E717 /* sparserestore in Resources */ = {isa = PBXBuildFile; fileRef = C87BA08B2C897B770026E717 /* sparserestore */; };
		C87BA08E2C897B7C0026E717 /* assetbackups in Resources */ = {isa = PBXBuildFile; fileRef = C87BA08D2C897B7C0026E717 /* assetbackups */; };
		C87BA0972C89AD9B0026E717 /* assetgrabber in Resources */ = {isa = PBXBuildFile; fileRef = C87BA0962C89AD9B0026E717 /* assetgrabber */; };
		FEBD6C8B2C875E2900D15960 /* POColdsdkApp.swift in Sources */ = {isa = PBXBuildFile; fileRef = FEBD6C8A2C875E2900D15960 /* POColdsdkApp.swift */; };
		FEBD6C8D2C875E2900D15960 /* ContentView.swift in Sources */ = {isa = PBXBuildFile; fileRef = FEBD6C8C2C875E2900D15960 /* ContentView.swift */; };
		FEBD6C8F2C875E2A00D15960 /* Assets.xcassets in Resources */ = {isa = PBXBuildFile; fileRef = FEBD6C8E2C875E2A00D15960 /* Assets.xcassets */; };
		FEBD6C922C875E2A00D15960 /* Preview Assets.xcassets in Resources */ = {isa = PBXBuildFile; fileRef = FEBD6C912C875E2A00D15960 /* Preview Assets.xcassets */; };
		FEBD6C9D2C875E2A00D15960 /* POColdsdkTests.swift in Sources */ = {isa = PBXBuildFile; fileRef = FEBD6C9C2C875E2A00D15960 /* POColdsdkTests.swift */; };
		FEBD6CA72C875E2B00D15960 /* POColdsdkUITests.swift in Sources */ = {isa = PBXBuildFile; fileRef = FEBD6CA62C875E2B00D15960 /* POColdsdkUITests.swift */; };
		FEBD6CA92C875E2B00D15960 /* POColdsdkUITestsLaunchTests.swift in Sources */ = {isa = PBXBuildFile; fileRef = FEBD6CA82C875E2B00D15960 /* POColdsdkUITestsLaunchTests.swift */; };
		FEBD6CBB2C876F4900D15960 /* ThemeV2.swift in Sources */ = {isa = PBXBuildFile; fileRef = FEBD6CBA2C876F4900D15960 /* ThemeV2.swift */; };
		FEBD6CC12C8772EE00D15960 /* AssetCatalogWrapper in Frameworks */ = {isa = PBXBuildFile; productRef = FEBD6CC02C8772EE00D15960 /* AssetCatalogWrapper */; };
		FEBD6CC42C87739A00D15960 /* AssetCatalogWrapper in Frameworks */ = {isa = PBXBuildFile; productRef = FEBD6CC32C87739A00D15960 /* AssetCatalogWrapper */; };
		FED788892C8CDE5600E46153 /* icons in Resources */ = {isa = PBXBuildFile; fileRef = FED788882C8CDE5500E46153 /* icons */; };
/* End PBXBuildFile section */

/* Begin PBXContainerItemProxy section */
		FEBD6C992C875E2A00D15960 /* PBXContainerItemProxy */ = {
			isa = PBXContainerItemProxy;
			containerPortal = FEBD6C7F2C875E2900D15960 /* Project object */;
			proxyType = 1;
			remoteGlobalIDString = FEBD6C862C875E2900D15960;
			remoteInfo = POColdsdk;
		};
		FEBD6CA32C875E2B00D15960 /* PBXContainerItemProxy */ = {
			isa = PBXContainerItemProxy;
			containerPortal = FEBD6C7F2C875E2900D15960 /* Project object */;
			proxyType = 1;
			remoteGlobalIDString = FEBD6C862C875E2900D15960;
			remoteInfo = POColdsdk;
		};
/* End PBXContainerItemProxy section */

/* Begin PBXCopyFilesBuildPhase section */
		C87BA0882C89726C0026E717 /* CopyFiles */ = {
			isa = PBXCopyFilesBuildPhase;
			buildActionMask = 2147483647;
			dstPath = "";
			dstSubfolderSpec = 10;
			files = (
				C87BA0892C8972780026E717 /* libpartial.dylib in CopyFiles */,
			);
			runOnlyForDeploymentPostprocessing = 0;
		};
/* End PBXCopyFilesBuildPhase section */

/* Begin PBXFileReference section */
		C816261D2C882A5400604D27 /* IPALinkScraper.swift */ = {isa = PBXFileReference; lastKnownFileType = sourcecode.swift; path = IPALinkScraper.swift; sourceTree = "<group>"; };
		C81626212C88A9F000604D27 /* partial.h */ = {isa = PBXFileReference; fileEncoding = 4; lastKnownFileType = sourcecode.c.h; path = partial.h; sourceTree = "<group>"; };
		C81626242C88AA2F00604D27 /* assetsgrabber.m */ = {isa = PBXFileReference; lastKnownFileType = sourcecode.c.objc; path = assetsgrabber.m; sourceTree = "<group>"; };
		C81626262C88AA3B00604D27 /* POColdsdk-Bridging-Header.h */ = {isa = PBXFileReference; lastKnownFileType = sourcecode.c.h; path = "POColdsdk-Bridging-Header.h"; sourceTree = "<group>"; };
		C81626272C88B17700604D27 /* assetsgrabber.h */ = {isa = PBXFileReference; lastKnownFileType = sourcecode.c.h; path = assetsgrabber.h; sourceTree = "<group>"; };
		C82478452C8CB70300DB520E /* icons */ = {isa = PBXFileReference; lastKnownFileType = folder; name = icons; path = POColdsdk/icons; sourceTree = "<group>"; };
		C87BA0862C8971C40026E717 /* libpartial.dylib */ = {isa = PBXFileReference; lastKnownFileType = "compiled.mach-o.dylib"; path = libpartial.dylib; sourceTree = "<group>"; };
		C87BA08B2C897B770026E717 /* sparserestore */ = {isa = PBXFileReference; lastKnownFileType = folder; path = sparserestore; sourceTree = "<group>"; };
		C87BA08D2C897B7C0026E717 /* assetbackups */ = {isa = PBXFileReference; lastKnownFileType = folder; path = assetbackups; sourceTree = "<group>"; };
		C87BA0962C89AD9B0026E717 /* assetgrabber */ = {isa = PBXFileReference; lastKnownFileType = folder; path = assetgrabber; sourceTree = "<group>"; };
		FEBD6C872C875E2900D15960 /* POColdsdk.app */ = {isa = PBXFileReference; explicitFileType = wrapper.application; includeInIndex = 0; path = POColdsdk.app; sourceTree = BUILT_PRODUCTS_DIR; };
		FEBD6C8A2C875E2900D15960 /* POColdsdkApp.swift */ = {isa = PBXFileReference; lastKnownFileType = sourcecode.swift; path = POColdsdkApp.swift; sourceTree = "<group>"; };
		FEBD6C8C2C875E2900D15960 /* ContentView.swift */ = {isa = PBXFileReference; lastKnownFileType = sourcecode.swift; path = ContentView.swift; sourceTree = "<group>"; };
		FEBD6C8E2C875E2A00D15960 /* Assets.xcassets */ = {isa = PBXFileReference; lastKnownFileType = folder.assetcatalog; path = Assets.xcassets; sourceTree = "<group>"; };
		FEBD6C912C875E2A00D15960 /* Preview Assets.xcassets */ = {isa = PBXFileReference; lastKnownFileType = folder.assetcatalog; path = "Preview Assets.xcassets"; sourceTree = "<group>"; };
		FEBD6C932C875E2A00D15960 /* POColdsdk.entitlements */ = {isa = PBXFileReference; lastKnownFileType = text.plist.entitlements; path = POColdsdk.entitlements; sourceTree = "<group>"; };
		FEBD6C982C875E2A00D15960 /* POColdsdkTests.xctest */ = {isa = PBXFileReference; explicitFileType = wrapper.cfbundle; includeInIndex = 0; path = POColdsdkTests.xctest; sourceTree = BUILT_PRODUCTS_DIR; };
		FEBD6C9C2C875E2A00D15960 /* POColdsdkTests.swift */ = {isa = PBXFileReference; lastKnownFileType = sourcecode.swift; path = POColdsdkTests.swift; sourceTree = "<group>"; };
		FEBD6CA22C875E2B00D15960 /* POColdsdkUITests.xctest */ = {isa = PBXFileReference; explicitFileType = wrapper.cfbundle; includeInIndex = 0; path = POColdsdkUITests.xctest; sourceTree = BUILT_PRODUCTS_DIR; };
		FEBD6CA62C875E2B00D15960 /* POColdsdkUITests.swift */ = {isa = PBXFileReference; lastKnownFileType = sourcecode.swift; path = POColdsdkUITests.swift; sourceTree = "<group>"; };
		FEBD6CA82C875E2B00D15960 /* POColdsdkUITestsLaunchTests.swift */ = {isa = PBXFileReference; lastKnownFileType = sourcecode.swift; path = POColdsdkUITestsLaunchTests.swift; sourceTree = "<group>"; };
		FEBD6CBA2C876F4900D15960 /* ThemeV2.swift */ = {isa = PBXFileReference; lastKnownFileType = sourcecode.swift; path = ThemeV2.swift; sourceTree = "<group>"; };
		FED788882C8CDE5500E46153 /* icons */ = {isa = PBXFileReference; lastKnownFileType = folder; path = icons; sourceTree = "<group>"; };
/* End PBXFileReference section */

/* Begin PBXFrameworksBuildPhase section */
		FEBD6C842C875E2900D15960 /* Frameworks */ = {
			isa = PBXFrameworksBuildPhase;
			buildActionMask = 2147483647;
			files = (
				C87BA0872C8971C40026E717 /* libpartial.dylib in Frameworks */,
				FEBD6CC12C8772EE00D15960 /* AssetCatalogWrapper in Frameworks */,
				FEBD6CC42C87739A00D15960 /* AssetCatalogWrapper in Frameworks */,
				C81626182C87F74300604D27 /* PythonKit in Frameworks */,
			);
			runOnlyForDeploymentPostprocessing = 0;
		};
		FEBD6C952C875E2A00D15960 /* Frameworks */ = {
			isa = PBXFrameworksBuildPhase;
			buildActionMask = 2147483647;
			files = (
			);
			runOnlyForDeploymentPostprocessing = 0;
		};
		FEBD6C9F2C875E2B00D15960 /* Frameworks */ = {
			isa = PBXFrameworksBuildPhase;
			buildActionMask = 2147483647;
			files = (
			);
			runOnlyForDeploymentPostprocessing = 0;
		};
/* End PBXFrameworksBuildPhase section */

/* Begin PBXGroup section */
		C81626222C88AA0900604D27 /* libpartial */ = {
			isa = PBXGroup;
			children = (
				C87BA0862C8971C40026E717 /* libpartial.dylib */,
				C81626212C88A9F000604D27 /* partial.h */,
				C81626272C88B17700604D27 /* assetsgrabber.h */,
				C81626242C88AA2F00604D27 /* assetsgrabber.m */,
			);
			path = libpartial;
			sourceTree = "<group>";
		};
		C81626282C88B29700604D27 /* Frameworks */ = {
			isa = PBXGroup;
			children = (
			);
			name = Frameworks;
			sourceTree = "<group>";
		};
		FEBD6C7E2C875E2900D15960 = {
			isa = PBXGroup;
			children = (
				C82478452C8CB70300DB520E /* icons */,
				FEBD6C892C875E2900D15960 /* POColdsdk */,
				FEBD6C9B2C875E2A00D15960 /* POColdsdkTests */,
				FEBD6CA52C875E2B00D15960 /* POColdsdkUITests */,
				FEBD6C882C875E2900D15960 /* Products */,
				C81626282C88B29700604D27 /* Frameworks */,
			);
			sourceTree = "<group>";
		};
		FEBD6C882C875E2900D15960 /* Products */ = {
			isa = PBXGroup;
			children = (
				FEBD6C872C875E2900D15960 /* POColdsdk.app */,
				FEBD6C982C875E2A00D15960 /* POColdsdkTests.xctest */,
				FEBD6CA22C875E2B00D15960 /* POColdsdkUITests.xctest */,
			);
			name = Products;
			sourceTree = "<group>";
		};
		FEBD6C892C875E2900D15960 /* POColdsdk */ = {
			isa = PBXGroup;
			children = (
				FED788882C8CDE5500E46153 /* icons */,
				C87BA0962C89AD9B0026E717 /* assetgrabber */,
				C87BA08D2C897B7C0026E717 /* assetbackups */,
				C87BA08B2C897B770026E717 /* sparserestore */,
				C81626222C88AA0900604D27 /* libpartial */,
				FEBD6C8A2C875E2900D15960 /* POColdsdkApp.swift */,
				FEBD6C8C2C875E2900D15960 /* ContentView.swift */,
				C81626262C88AA3B00604D27 /* POColdsdk-Bridging-Header.h */,
				FEBD6C8E2C875E2A00D15960 /* Assets.xcassets */,
				FEBD6C932C875E2A00D15960 /* POColdsdk.entitlements */,
				FEBD6C902C875E2A00D15960 /* Preview Content */,
				FEBD6CBA2C876F4900D15960 /* ThemeV2.swift */,
				C816261D2C882A5400604D27 /* IPALinkScraper.swift */,
			);
			path = POColdsdk;
			sourceTree = "<group>";
		};
		FEBD6C902C875E2A00D15960 /* Preview Content */ = {
			isa = PBXGroup;
			children = (
				FEBD6C912C875E2A00D15960 /* Preview Assets.xcassets */,
			);
			path = "Preview Content";
			sourceTree = "<group>";
		};
		FEBD6C9B2C875E2A00D15960 /* POColdsdkTests */ = {
			isa = PBXGroup;
			children = (
				FEBD6C9C2C875E2A00D15960 /* POColdsdkTests.swift */,
			);
			path = POColdsdkTests;
			sourceTree = "<group>";
		};
		FEBD6CA52C875E2B00D15960 /* POColdsdkUITests */ = {
			isa = PBXGroup;
			children = (
				FEBD6CA62C875E2B00D15960 /* POColdsdkUITests.swift */,
				FEBD6CA82C875E2B00D15960 /* POColdsdkUITestsLaunchTests.swift */,
			);
			path = POColdsdkUITests;
			sourceTree = "<group>";
		};
/* End PBXGroup section */

/* Begin PBXNativeTarget section */
		FEBD6C862C875E2900D15960 /* POColdsdk */ = {
			isa = PBXNativeTarget;
			buildConfigurationList = FEBD6CAC2C875E2B00D15960 /* Build configuration list for PBXNativeTarget "POColdsdk" */;
			buildPhases = (
				FEBD6C832C875E2900D15960 /* Sources */,
				FEBD6C842C875E2900D15960 /* Frameworks */,
				FEBD6C852C875E2900D15960 /* Resources */,
				C87BA0882C89726C0026E717 /* CopyFiles */,
			);
			buildRules = (
			);
			dependencies = (
			);
			name = POColdsdk;
			packageProductDependencies = (
				FEBD6CC02C8772EE00D15960 /* AssetCatalogWrapper */,
				FEBD6CC32C87739A00D15960 /* AssetCatalogWrapper */,
				C81626172C87F74300604D27 /* PythonKit */,
			);
			productName = POColdsdk;
			productReference = FEBD6C872C875E2900D15960 /* POColdsdk.app */;
			productType = "com.apple.product-type.application";
		};
		FEBD6C972C875E2A00D15960 /* POColdsdkTests */ = {
			isa = PBXNativeTarget;
			buildConfigurationList = FEBD6CAF2C875E2B00D15960 /* Build configuration list for PBXNativeTarget "POColdsdkTests" */;
			buildPhases = (
				FEBD6C942C875E2A00D15960 /* Sources */,
				FEBD6C952C875E2A00D15960 /* Frameworks */,
				FEBD6C962C875E2A00D15960 /* Resources */,
			);
			buildRules = (
			);
			dependencies = (
				FEBD6C9A2C875E2A00D15960 /* PBXTargetDependency */,
			);
			name = POColdsdkTests;
			productName = POColdsdkTests;
			productReference = FEBD6C982C875E2A00D15960 /* POColdsdkTests.xctest */;
			productType = "com.apple.product-type.bundle.unit-test";
		};
		FEBD6CA12C875E2B00D15960 /* POColdsdkUITests */ = {
			isa = PBXNativeTarget;
			buildConfigurationList = FEBD6CB22C875E2B00D15960 /* Build configuration list for PBXNativeTarget "POColdsdkUITests" */;
			buildPhases = (
				FEBD6C9E2C875E2B00D15960 /* Sources */,
				FEBD6C9F2C875E2B00D15960 /* Frameworks */,
				FEBD6CA02C875E2B00D15960 /* Resources */,
			);
			buildRules = (
			);
			dependencies = (
				FEBD6CA42C875E2B00D15960 /* PBXTargetDependency */,
			);
			name = POColdsdkUITests;
			productName = POColdsdkUITests;
			productReference = FEBD6CA22C875E2B00D15960 /* POColdsdkUITests.xctest */;
			productType = "com.apple.product-type.bundle.ui-testing";
		};
/* End PBXNativeTarget section */

/* Begin PBXProject section */
		FEBD6C7F2C875E2900D15960 /* Project object */ = {
			isa = PBXProject;
			attributes = {
				BuildIndependentTargetsInParallel = 1;
				LastSwiftUpdateCheck = 1540;
				LastUpgradeCheck = 1540;
				TargetAttributes = {
					FEBD6C862C875E2900D15960 = {
						CreatedOnToolsVersion = 15.4;
						LastSwiftMigration = 1530;
					};
					FEBD6C972C875E2A00D15960 = {
						CreatedOnToolsVersion = 15.4;
						TestTargetID = FEBD6C862C875E2900D15960;
					};
					FEBD6CA12C875E2B00D15960 = {
						CreatedOnToolsVersion = 15.4;
						TestTargetID = FEBD6C862C875E2900D15960;
					};
				};
			};
			buildConfigurationList = FEBD6C822C875E2900D15960 /* Build configuration list for PBXProject "POColdsdk" */;
			compatibilityVersion = "Xcode 14.0";
			developmentRegion = en;
			hasScannedForEncodings = 0;
			knownRegions = (
				en,
				Base,
			);
			mainGroup = FEBD6C7E2C875E2900D15960;
			packageReferences = (
				FEBD6CC22C87739A00D15960 /* XCRemoteSwiftPackageReference "PrivateKits" */,
				C81626162C87F74300604D27 /* XCRemoteSwiftPackageReference "PythonKit" */,
			);
			productRefGroup = FEBD6C882C875E2900D15960 /* Products */;
			projectDirPath = "";
			projectRoot = "";
			targets = (
				FEBD6C862C875E2900D15960 /* POColdsdk */,
				FEBD6C972C875E2A00D15960 /* POColdsdkTests */,
				FEBD6CA12C875E2B00D15960 /* POColdsdkUITests */,
			);
		};
/* End PBXProject section */

/* Begin PBXResourcesBuildPhase section */
		FEBD6C852C875E2900D15960 /* Resources */ = {
			isa = PBXResourcesBuildPhase;
			buildActionMask = 2147483647;
			files = (
				C82478462C8CB70300DB520E /* icons in Resources */,
				FEBD6C922C875E2A00D15960 /* Preview Assets.xcassets in Resources */,
				C87BA08E2C897B7C0026E717 /* assetbackups in Resources */,
				C87BA08C2C897B770026E717 /* sparserestore in Resources */,
				FED788892C8CDE5600E46153 /* icons in Resources */,
				FEBD6C8F2C875E2A00D15960 /* Assets.xcassets in Resources */,
				C87BA0972C89AD9B0026E717 /* assetgrabber in Resources */,
			);
			runOnlyForDeploymentPostprocessing = 0;
		};
		FEBD6C962C875E2A00D15960 /* Resources */ = {
			isa = PBXResourcesBuildPhase;
			buildActionMask = 2147483647;
			files = (
			);
			runOnlyForDeploymentPostprocessing = 0;
		};
		FEBD6CA02C875E2B00D15960 /* Resources */ = {
			isa = PBXResourcesBuildPhase;
			buildActionMask = 2147483647;
			files = (
			);
			runOnlyForDeploymentPostprocessing = 0;
		};
/* End PBXResourcesBuildPhase section */

/* Begin PBXSourcesBuildPhase section */
		FEBD6C832C875E2900D15960 /* Sources */ = {
			isa = PBXSourcesBuildPhase;
			buildActionMask = 2147483647;
			files = (
				FEBD6CBB2C876F4900D15960 /* ThemeV2.swift in Sources */,
				FEBD6C8D2C875E2900D15960 /* ContentView.swift in Sources */,
				FEBD6C8B2C875E2900D15960 /* POColdsdkApp.swift in Sources */,
				C816261E2C882A5400604D27 /* IPALinkScraper.swift in Sources */,
				C81626252C88AA2F00604D27 /* assetsgrabber.m in Sources */,
			);
			runOnlyForDeploymentPostprocessing = 0;
		};
		FEBD6C942C875E2A00D15960 /* Sources */ = {
			isa = PBXSourcesBuildPhase;
			buildActionMask = 2147483647;
			files = (
				FEBD6C9D2C875E2A00D15960 /* POColdsdkTests.swift in Sources */,
			);
			runOnlyForDeploymentPostprocessing = 0;
		};
		FEBD6C9E2C875E2B00D15960 /* Sources */ = {
			isa = PBXSourcesBuildPhase;
			buildActionMask = 2147483647;
			files = (
				FEBD6CA92C875E2B00D15960 /* POColdsdkUITestsLaunchTests.swift in Sources */,
				FEBD6CA72C875E2B00D15960 /* POColdsdkUITests.swift in Sources */,
			);
			runOnlyForDeploymentPostprocessing = 0;
		};
/* End PBXSourcesBuildPhase section */

/* Begin PBXTargetDependency section */
		FEBD6C9A2C875E2A00D15960 /* PBXTargetDependency */ = {
			isa = PBXTargetDependency;
			target = FEBD6C862C875E2900D15960 /* POColdsdk */;
			targetProxy = FEBD6C992C875E2A00D15960 /* PBXContainerItemProxy */;
		};
		FEBD6CA42C875E2B00D15960 /* PBXTargetDependency */ = {
			isa = PBXTargetDependency;
			target = FEBD6C862C875E2900D15960 /* POColdsdk */;
			targetProxy = FEBD6CA32C875E2B00D15960 /* PBXContainerItemProxy */;
		};
/* End PBXTargetDependency section */

/* Begin XCBuildConfiguration section */
		FEBD6CAA2C875E2B00D15960 /* Debug */ = {
			isa = XCBuildConfiguration;
			buildSettings = {
				ALWAYS_SEARCH_USER_PATHS = NO;
				ASSETCATALOG_COMPILER_GENERATE_SWIFT_ASSET_SYMBOL_EXTENSIONS = YES;
				CLANG_ANALYZER_NONNULL = YES;
				CLANG_ANALYZER_NUMBER_OBJECT_CONVERSION = YES_AGGRESSIVE;
				CLANG_CXX_LANGUAGE_STANDARD = "gnu++20";
				CLANG_ENABLE_MODULES = YES;
				CLANG_ENABLE_OBJC_ARC = YES;
				CLANG_ENABLE_OBJC_WEAK = YES;
				CLANG_WARN_BLOCK_CAPTURE_AUTORELEASING = YES;
				CLANG_WARN_BOOL_CONVERSION = YES;
				CLANG_WARN_COMMA = YES;
				CLANG_WARN_CONSTANT_CONVERSION = YES;
				CLANG_WARN_DEPRECATED_OBJC_IMPLEMENTATIONS = YES;
				CLANG_WARN_DIRECT_OBJC_ISA_USAGE = YES_ERROR;
				CLANG_WARN_DOCUMENTATION_COMMENTS = YES;
				CLANG_WARN_EMPTY_BODY = YES;
				CLANG_WARN_ENUM_CONVERSION = YES;
				CLANG_WARN_INFINITE_RECURSION = YES;
				CLANG_WARN_INT_CONVERSION = YES;
				CLANG_WARN_NON_LITERAL_NULL_CONVERSION = YES;
				CLANG_WARN_OBJC_IMPLICIT_RETAIN_SELF = YES;
				CLANG_WARN_OBJC_LITERAL_CONVERSION = YES;
				CLANG_WARN_OBJC_ROOT_CLASS = YES_ERROR;
				CLANG_WARN_QUOTED_INCLUDE_IN_FRAMEWORK_HEADER = YES;
				CLANG_WARN_RANGE_LOOP_ANALYSIS = YES;
				CLANG_WARN_STRICT_PROTOTYPES = YES;
				CLANG_WARN_SUSPICIOUS_MOVE = YES;
				CLANG_WARN_UNGUARDED_AVAILABILITY = YES_AGGRESSIVE;
				CLANG_WARN_UNREACHABLE_CODE = YES;
				CLANG_WARN__DUPLICATE_METHOD_MATCH = YES;
				COPY_PHASE_STRIP = NO;
				DEBUG_INFORMATION_FORMAT = dwarf;
				ENABLE_STRICT_OBJC_MSGSEND = YES;
				ENABLE_TESTABILITY = YES;
				ENABLE_USER_SCRIPT_SANDBOXING = YES;
				GCC_C_LANGUAGE_STANDARD = gnu17;
				GCC_DYNAMIC_NO_PIC = NO;
				GCC_NO_COMMON_BLOCKS = YES;
				GCC_OPTIMIZATION_LEVEL = 0;
				GCC_PREPROCESSOR_DEFINITIONS = (
					"DEBUG=1",
					"$(inherited)",
				);
				GCC_WARN_64_TO_32_BIT_CONVERSION = YES;
				GCC_WARN_ABOUT_RETURN_TYPE = YES_ERROR;
				GCC_WARN_UNDECLARED_SELECTOR = YES;
				GCC_WARN_UNINITIALIZED_AUTOS = YES_AGGRESSIVE;
				GCC_WARN_UNUSED_FUNCTION = YES;
				GCC_WARN_UNUSED_VARIABLE = YES;
				LOCALIZATION_PREFERS_STRING_CATALOGS = YES;
				MACOSX_DEPLOYMENT_TARGET = 14.0;
				MTL_ENABLE_DEBUG_INFO = INCLUDE_SOURCE;
				MTL_FAST_MATH = YES;
				ONLY_ACTIVE_ARCH = YES;
				SDKROOT = macosx;
				SWIFT_ACTIVE_COMPILATION_CONDITIONS = "DEBUG $(inherited)";
				SWIFT_OPTIMIZATION_LEVEL = "-Onone";
			};
			name = Debug;
		};
		FEBD6CAB2C875E2B00D15960 /* Release */ = {
			isa = XCBuildConfiguration;
			buildSettings = {
				ALWAYS_SEARCH_USER_PATHS = NO;
				ASSETCATALOG_COMPILER_GENERATE_SWIFT_ASSET_SYMBOL_EXTENSIONS = YES;
				CLANG_ANALYZER_NONNULL = YES;
				CLANG_ANALYZER_NUMBER_OBJECT_CONVERSION = YES_AGGRESSIVE;
				CLANG_CXX_LANGUAGE_STANDARD = "gnu++20";
				CLANG_ENABLE_MODULES = YES;
				CLANG_ENABLE_OBJC_ARC = YES;
				CLANG_ENABLE_OBJC_WEAK = YES;
				CLANG_WARN_BLOCK_CAPTURE_AUTORELEASING = YES;
				CLANG_WARN_BOOL_CONVERSION = YES;
				CLANG_WARN_COMMA = YES;
				CLANG_WARN_CONSTANT_CONVERSION = YES;
				CLANG_WARN_DEPRECATED_OBJC_IMPLEMENTATIONS = YES;
				CLANG_WARN_DIRECT_OBJC_ISA_USAGE = YES_ERROR;
				CLANG_WARN_DOCUMENTATION_COMMENTS = YES;
				CLANG_WARN_EMPTY_BODY = YES;
				CLANG_WARN_ENUM_CONVERSION = YES;
				CLANG_WARN_INFINITE_RECURSION = YES;
				CLANG_WARN_INT_CONVERSION = YES;
				CLANG_WARN_NON_LITERAL_NULL_CONVERSION = YES;
				CLANG_WARN_OBJC_IMPLICIT_RETAIN_SELF = YES;
				CLANG_WARN_OBJC_LITERAL_CONVERSION = YES;
				CLANG_WARN_OBJC_ROOT_CLASS = YES_ERROR;
				CLANG_WARN_QUOTED_INCLUDE_IN_FRAMEWORK_HEADER = YES;
				CLANG_WARN_RANGE_LOOP_ANALYSIS = YES;
				CLANG_WARN_STRICT_PROTOTYPES = YES;
				CLANG_WARN_SUSPICIOUS_MOVE = YES;
				CLANG_WARN_UNGUARDED_AVAILABILITY = YES_AGGRESSIVE;
				CLANG_WARN_UNREACHABLE_CODE = YES;
				CLANG_WARN__DUPLICATE_METHOD_MATCH = YES;
				COPY_PHASE_STRIP = NO;
				DEBUG_INFORMATION_FORMAT = "dwarf-with-dsym";
				ENABLE_NS_ASSERTIONS = NO;
				ENABLE_STRICT_OBJC_MSGSEND = YES;
				ENABLE_USER_SCRIPT_SANDBOXING = YES;
				GCC_C_LANGUAGE_STANDARD = gnu17;
				GCC_NO_COMMON_BLOCKS = YES;
				GCC_WARN_64_TO_32_BIT_CONVERSION = YES;
				GCC_WARN_ABOUT_RETURN_TYPE = YES_ERROR;
				GCC_WARN_UNDECLARED_SELECTOR = YES;
				GCC_WARN_UNINITIALIZED_AUTOS = YES_AGGRESSIVE;
				GCC_WARN_UNUSED_FUNCTION = YES;
				GCC_WARN_UNUSED_VARIABLE = YES;
				LOCALIZATION_PREFERS_STRING_CATALOGS = YES;
				MACOSX_DEPLOYMENT_TARGET = 14.0;
				MTL_ENABLE_DEBUG_INFO = NO;
				MTL_FAST_MATH = YES;
				SDKROOT = macosx;
				SWIFT_COMPILATION_MODE = wholemodule;
			};
			name = Release;
		};
		FEBD6CAD2C875E2B00D15960 /* Debug */ = {
			isa = XCBuildConfiguration;
			buildSettings = {
				ASSETCATALOG_COMPILER_APPICON_NAME = AppIcon;
				ASSETCATALOG_COMPILER_GLOBAL_ACCENT_COLOR_NAME = AccentColor;
				CLANG_ENABLE_MODULES = YES;
				CODE_SIGN_ENTITLEMENTS = POColdsdk/POColdsdk.entitlements;
				CODE_SIGN_STYLE = Automatic;
				COMBINE_HIDPI_IMAGES = YES;
				CURRENT_PROJECT_VERSION = 1;
				DEVELOPMENT_ASSET_PATHS = "\"POColdsdk/Preview Content\"";
				ENABLE_PREVIEWS = YES;
				GENERATE_INFOPLIST_FILE = YES;
				INFOPLIST_KEY_CFBundleDisplayName = SparseThemer;
				INFOPLIST_KEY_NSHumanReadableCopyright = "";
				LD_RUNPATH_SEARCH_PATHS = (
					"$(inherited)",
					"@executable_path/../Frameworks",
				);
				LIBRARY_SEARCH_PATHS = (
					"$(inherited)",
					"$(PROJECT_DIR)",
					"$(PROJECT_DIR)/POColdsdk/libpartial",
				);
				MACOSX_DEPLOYMENT_TARGET = 14.0;
				MARKETING_VERSION = 1.0;
				PRODUCT_BUNDLE_IDENTIFIER = org.haxi0htrowii.SparseThemer;
				PRODUCT_NAME = "$(TARGET_NAME)";
				SWIFT_EMIT_LOC_STRINGS = YES;
				SWIFT_OBJC_BRIDGING_HEADER = "POColdsdk/POColdsdk-Bridging-Header.h";
				SWIFT_OPTIMIZATION_LEVEL = "-Onone";
				SWIFT_VERSION = 5.0;
			};
			name = Debug;
		};
		FEBD6CAE2C875E2B00D15960 /* Release */ = {
			isa = XCBuildConfiguration;
			buildSettings = {
				ASSETCATALOG_COMPILER_APPICON_NAME = AppIcon;
				ASSETCATALOG_COMPILER_GLOBAL_ACCENT_COLOR_NAME = AccentColor;
				CLANG_ENABLE_MODULES = YES;
				CODE_SIGN_ENTITLEMENTS = POColdsdk/POColdsdk.entitlements;
				CODE_SIGN_STYLE = Automatic;
				COMBINE_HIDPI_IMAGES = YES;
				CURRENT_PROJECT_VERSION = 1;
				DEVELOPMENT_ASSET_PATHS = "\"POColdsdk/Preview Content\"";
				ENABLE_PREVIEWS = YES;
				GENERATE_INFOPLIST_FILE = YES;
				INFOPLIST_KEY_CFBundleDisplayName = SparseThemer;
				INFOPLIST_KEY_NSHumanReadableCopyright = "";
				LD_RUNPATH_SEARCH_PATHS = (
					"$(inherited)",
					"@executable_path/../Frameworks",
				);
				LIBRARY_SEARCH_PATHS = (
					"$(inherited)",
					"$(PROJECT_DIR)",
					"$(PROJECT_DIR)/POColdsdk/libpartial",
				);
				MACOSX_DEPLOYMENT_TARGET = 14.0;
				MARKETING_VERSION = 1.0;
				PRODUCT_BUNDLE_IDENTIFIER = org.haxi0htrowii.SparseThemer;
				PRODUCT_NAME = "$(TARGET_NAME)";
				SWIFT_EMIT_LOC_STRINGS = YES;
				SWIFT_OBJC_BRIDGING_HEADER = "POColdsdk/POColdsdk-Bridging-Header.h";
				SWIFT_VERSION = 5.0;
			};
			name = Release;
		};
		FEBD6CB02C875E2B00D15960 /* Debug */ = {
			isa = XCBuildConfiguration;
			buildSettings = {
				ALWAYS_EMBED_SWIFT_STANDARD_LIBRARIES = YES;
				BUNDLE_LOADER = "$(TEST_HOST)";
				CODE_SIGN_STYLE = Automatic;
				CURRENT_PROJECT_VERSION = 1;
				GENERATE_INFOPLIST_FILE = YES;
				MACOSX_DEPLOYMENT_TARGET = 14.5;
				MARKETING_VERSION = 1.0;
				PRODUCT_BUNDLE_IDENTIFIER = org.haxi0.POColdsdkTests;
				PRODUCT_NAME = "$(TARGET_NAME)";
				SWIFT_EMIT_LOC_STRINGS = NO;
				SWIFT_VERSION = 5.0;
				TEST_HOST = "$(BUILT_PRODUCTS_DIR)/POColdsdk.app/$(BUNDLE_EXECUTABLE_FOLDER_PATH)/POColdsdk";
			};
			name = Debug;
		};
		FEBD6CB12C875E2B00D15960 /* Release */ = {
			isa = XCBuildConfiguration;
			buildSettings = {
				ALWAYS_EMBED_SWIFT_STANDARD_LIBRARIES = YES;
				BUNDLE_LOADER = "$(TEST_HOST)";
				CODE_SIGN_STYLE = Automatic;
				CURRENT_PROJECT_VERSION = 1;
				GENERATE_INFOPLIST_FILE = YES;
				MACOSX_DEPLOYMENT_TARGET = 14.5;
				MARKETING_VERSION = 1.0;
				PRODUCT_BUNDLE_IDENTIFIER = org.haxi0.POColdsdkTests;
				PRODUCT_NAME = "$(TARGET_NAME)";
				SWIFT_EMIT_LOC_STRINGS = NO;
				SWIFT_VERSION = 5.0;
				TEST_HOST = "$(BUILT_PRODUCTS_DIR)/POColdsdk.app/$(BUNDLE_EXECUTABLE_FOLDER_PATH)/POColdsdk";
			};
			name = Release;
		};
		FEBD6CB32C875E2B00D15960 /* Debug */ = {
			isa = XCBuildConfiguration;
			buildSettings = {
				ALWAYS_EMBED_SWIFT_STANDARD_LIBRARIES = YES;
				CODE_SIGN_STYLE = Automatic;
				CURRENT_PROJECT_VERSION = 1;
				GENERATE_INFOPLIST_FILE = YES;
				MARKETING_VERSION = 1.0;
				PRODUCT_BUNDLE_IDENTIFIER = org.haxi0.POColdsdkUITests;
				PRODUCT_NAME = "$(TARGET_NAME)";
				SWIFT_EMIT_LOC_STRINGS = NO;
				SWIFT_VERSION = 5.0;
				TEST_TARGET_NAME = POColdsdk;
			};
			name = Debug;
		};
		FEBD6CB42C875E2B00D15960 /* Release */ = {
			isa = XCBuildConfiguration;
			buildSettings = {
				ALWAYS_EMBED_SWIFT_STANDARD_LIBRARIES = YES;
				CODE_SIGN_STYLE = Automatic;
				CURRENT_PROJECT_VERSION = 1;
				GENERATE_INFOPLIST_FILE = YES;
				MARKETING_VERSION = 1.0;
				PRODUCT_BUNDLE_IDENTIFIER = org.haxi0.POColdsdkUITests;
				PRODUCT_NAME = "$(TARGET_NAME)";
				SWIFT_EMIT_LOC_STRINGS = NO;
				SWIFT_VERSION = 5.0;
				TEST_TARGET_NAME = POColdsdk;
			};
			name = Release;
		};
/* End XCBuildConfiguration section */

/* Begin XCConfigurationList section */
		FEBD6C822C875E2900D15960 /* Build configuration list for PBXProject "POColdsdk" */ = {
			isa = XCConfigurationList;
			buildConfigurations = (
				FEBD6CAA2C875E2B00D15960 /* Debug */,
				FEBD6CAB2C875E2B00D15960 /* Release */,
			);
			defaultConfigurationIsVisible = 0;
			defaultConfigurationName = Release;
		};
		FEBD6CAC2C875E2B00D15960 /* Build configuration list for PBXNativeTarget "POColdsdk" */ = {
			isa = XCConfigurationList;
			buildConfigurations = (
				FEBD6CAD2C875E2B00D15960 /* Debug */,
				FEBD6CAE2C875E2B00D15960 /* Release */,
			);
			defaultConfigurationIsVisible = 0;
			defaultConfigurationName = Release;
		};
		FEBD6CAF2C875E2B00D15960 /* Build configuration list for PBXNativeTarget "POColdsdkTests" */ = {
			isa = XCConfigurationList;
			buildConfigurations = (
				FEBD6CB02C875E2B00D15960 /* Debug */,
				FEBD6CB12C875E2B00D15960 /* Release */,
			);
			defaultConfigurationIsVisible = 0;
			defaultConfigurationName = Release;
		};
		FEBD6CB22C875E2B00D15960 /* Build configuration list for PBXNativeTarget "POColdsdkUITests" */ = {
			isa = XCConfigurationList;
			buildConfigurations = (
				FEBD6CB32C875E2B00D15960 /* Debug */,
				FEBD6CB42C875E2B00D15960 /* Release */,
			);
			defaultConfigurationIsVisible = 0;
			defaultConfigurationName = Release;
		};
/* End XCConfigurationList section */

/* Begin XCRemoteSwiftPackageReference section */
		C81626162C87F74300604D27 /* XCRemoteSwiftPackageReference "PythonKit" */ = {
			isa = XCRemoteSwiftPackageReference;
			repositoryURL = "https://github.com/pvieito/PythonKit";
			requirement = {
				branch = master;
				kind = branch;
			};
		};
		FEBD6CC22C87739A00D15960 /* XCRemoteSwiftPackageReference "PrivateKits" */ = {
			isa = XCRemoteSwiftPackageReference;
			repositoryURL = "https://github.com/NSAntoine/PrivateKits.git";
			requirement = {
				branch = "haxi-test";
				kind = branch;
			};
		};
/* End XCRemoteSwiftPackageReference section */

/* Begin XCSwiftPackageProductDependency section */
		C81626172C87F74300604D27 /* PythonKit */ = {
			isa = XCSwiftPackageProductDependency;
			package = C81626162C87F74300604D27 /* XCRemoteSwiftPackageReference "PythonKit" */;
			productName = PythonKit;
		};
		FEBD6CC02C8772EE00D15960 /* AssetCatalogWrapper */ = {
			isa = XCSwiftPackageProductDependency;
			productName = AssetCatalogWrapper;
		};
		FEBD6CC32C87739A00D15960 /* AssetCatalogWrapper */ = {
			isa = XCSwiftPackageProductDependency;
			package = FEBD6CC22C87739A00D15960 /* XCRemoteSwiftPackageReference "PrivateKits" */;
			productName = AssetCatalogWrapper;
		};
/* End XCSwiftPackageProductDependency section */
	};
	rootObject = FEBD6C7F2C875E2900D15960 /* Project object */;
}
